// !$*UTF8*$!
{
	archiveVersion = 1;
	classes = {
	};
	objectVersion = 46;
	objects = {

/* Begin PBXBuildFile section */
		5847E26F1E9E9F8D00DC770F /* main.m in Sources */ = {isa = PBXBuildFile; fileRef = 5847E26E1E9E9F8D00DC770F /* main.m */; };
		5847E2721E9E9F8D00DC770F /* AppDelegate.m in Sources */ = {isa = PBXBuildFile; fileRef = 5847E2711E9E9F8D00DC770F /* AppDelegate.m */; };
		5847E2741E9E9F8D00DC770F /* Shader.fsh in Resources */ = {isa = PBXBuildFile; fileRef = 5847E2731E9E9F8D00DC770F /* Shader.fsh */; };
		5847E2761E9E9F8D00DC770F /* Shader.vsh in Resources */ = {isa = PBXBuildFile; fileRef = 5847E2751E9E9F8D00DC770F /* Shader.vsh */; };
		5847E2791E9E9F8D00DC770F /* GameViewController.m in Sources */ = {isa = PBXBuildFile; fileRef = 5847E2781E9E9F8D00DC770F /* GameViewController.m */; };
		5847E27C1E9E9F8D00DC770F /* Main.storyboard in Resources */ = {isa = PBXBuildFile; fileRef = 5847E27A1E9E9F8D00DC770F /* Main.storyboard */; };
		5847E27E1E9E9F8D00DC770F /* Assets.xcassets in Resources */ = {isa = PBXBuildFile; fileRef = 5847E27D1E9E9F8D00DC770F /* Assets.xcassets */; };
		5847E2811E9E9F8D00DC770F /* LaunchScreen.storyboard in Resources */ = {isa = PBXBuildFile; fileRef = 5847E27F1E9E9F8D00DC770F /* LaunchScreen.storyboard */; };
		5847E2891E9EA17100DC770F /* crate.jpg in Resources */ = {isa = PBXBuildFile; fileRef = 5847E2881E9EA17100DC770F /* crate.jpg */; };
/* End PBXBuildFile section */

/* Begin PBXFileReference section */
		5847E26A1E9E9F8D00DC770F /* FinalProjectBulletPhysics.app */ = {isa = PBXFileReference; explicitFileType = wrapper.application; includeInIndex = 0; path = FinalProjectBulletPhysics.app; sourceTree = BUILT_PRODUCTS_DIR; };
		5847E26E1E9E9F8D00DC770F /* main.m */ = {isa = PBXFileReference; lastKnownFileType = sourcecode.c.objc; path = main.m; sourceTree = "<group>"; };
		5847E2701E9E9F8D00DC770F /* AppDelegate.h */ = {isa = PBXFileReference; lastKnownFileType = sourcecode.c.h; path = AppDelegate.h; sourceTree = "<group>"; };
		5847E2711E9E9F8D00DC770F /* AppDelegate.m */ = {isa = PBXFileReference; lastKnownFileType = sourcecode.c.objc; path = AppDelegate.m; sourceTree = "<group>"; };
		5847E2731E9E9F8D00DC770F /* Shader.fsh */ = {isa = PBXFileReference; lastKnownFileType = sourcecode.glsl; name = Shader.fsh; path = Shaders/Shader.fsh; sourceTree = "<group>"; };
		5847E2751E9E9F8D00DC770F /* Shader.vsh */ = {isa = PBXFileReference; lastKnownFileType = sourcecode.glsl; name = Shader.vsh; path = Shaders/Shader.vsh; sourceTree = "<group>"; };
		5847E2771E9E9F8D00DC770F /* GameViewController.h */ = {isa = PBXFileReference; lastKnownFileType = sourcecode.c.h; path = GameViewController.h; sourceTree = "<group>"; };
		5847E2781E9E9F8D00DC770F /* GameViewController.m */ = {isa = PBXFileReference; lastKnownFileType = sourcecode.c.objc; path = GameViewController.m; sourceTree = "<group>"; };
		5847E27B1E9E9F8D00DC770F /* Base */ = {isa = PBXFileReference; lastKnownFileType = file.storyboard; name = Base; path = Base.lproj/Main.storyboard; sourceTree = "<group>"; };
		5847E27D1E9E9F8D00DC770F /* Assets.xcassets */ = {isa = PBXFileReference; lastKnownFileType = folder.assetcatalog; path = Assets.xcassets; sourceTree = "<group>"; };
		5847E2801E9E9F8D00DC770F /* Base */ = {isa = PBXFileReference; lastKnownFileType = file.storyboard; name = Base; path = Base.lproj/LaunchScreen.storyboard; sourceTree = "<group>"; };
		5847E2821E9E9F8D00DC770F /* Info.plist */ = {isa = PBXFileReference; lastKnownFileType = text.plist.xml; path = Info.plist; sourceTree = "<group>"; };
		5847E2881E9EA17100DC770F /* crate.jpg */ = {isa = PBXFileReference; lastKnownFileType = image.jpeg; name = crate.jpg; path = FinalProjectBulletPhysics/crate.jpg; sourceTree = "<group>"; };
/* End PBXFileReference section */

/* Begin PBXFrameworksBuildPhase section */
		5847E2671E9E9F8D00DC770F /* Frameworks */ = {
			isa = PBXFrameworksBuildPhase;
			buildActionMask = 2147483647;
			files = (
			);
			runOnlyForDeploymentPostprocessing = 0;
		};
/* End PBXFrameworksBuildPhase section */

/* Begin PBXGroup section */
		5847E2611E9E9F8D00DC770F = {
			isa = PBXGroup;
			children = (
				5847E2881E9EA17100DC770F /* crate.jpg */,
				5847E26C1E9E9F8D00DC770F /* FinalProjectBulletPhysics */,
				5847E26B1E9E9F8D00DC770F /* Products */,
			);
			sourceTree = "<group>";
		};
		5847E26B1E9E9F8D00DC770F /* Products */ = {
			isa = PBXGroup;
			children = (
				5847E26A1E9E9F8D00DC770F /* FinalProjectBulletPhysics.app */,
			);
			name = Products;
			sourceTree = "<group>";
		};
		5847E26C1E9E9F8D00DC770F /* FinalProjectBulletPhysics */ = {
			isa = PBXGroup;
			children = (
				5847E2701E9E9F8D00DC770F /* AppDelegate.h */,
				5847E2711E9E9F8D00DC770F /* AppDelegate.m */,
				5847E2731E9E9F8D00DC770F /* Shader.fsh */,
				5847E2751E9E9F8D00DC770F /* Shader.vsh */,
				5847E2771E9E9F8D00DC770F /* GameViewController.h */,
				5847E2781E9E9F8D00DC770F /* GameViewController.m */,
				5847E27A1E9E9F8D00DC770F /* Main.storyboard */,
				5847E27D1E9E9F8D00DC770F /* Assets.xcassets */,
				5847E27F1E9E9F8D00DC770F /* LaunchScreen.storyboard */,
				5847E2821E9E9F8D00DC770F /* Info.plist */,
				5847E26D1E9E9F8D00DC770F /* Supporting Files */,
			);
			path = FinalProjectBulletPhysics;
			sourceTree = "<group>";
		};
		5847E26D1E9E9F8D00DC770F /* Supporting Files */ = {
			isa = PBXGroup;
			children = (
				5847E26E1E9E9F8D00DC770F /* main.m */,
			);
			name = "Supporting Files";
			sourceTree = "<group>";
		};
/* End PBXGroup section */

/* Begin PBXNativeTarget section */
		5847E2691E9E9F8D00DC770F /* FinalProjectBulletPhysics */ = {
			isa = PBXNativeTarget;
			buildConfigurationList = 5847E2851E9E9F8D00DC770F /* Build configuration list for PBXNativeTarget "FinalProjectBulletPhysics" */;
			buildPhases = (
				5847E2661E9E9F8D00DC770F /* Sources */,
				5847E2671E9E9F8D00DC770F /* Frameworks */,
				5847E2681E9E9F8D00DC770F /* Resources */,
			);
			buildRules = (
			);
			dependencies = (
			);
			name = FinalProjectBulletPhysics;
			productName = FinalProjectBulletPhysics;
			productReference = 5847E26A1E9E9F8D00DC770F /* FinalProjectBulletPhysics.app */;
			productType = "com.apple.product-type.application";
		};
/* End PBXNativeTarget section */

/* Begin PBXProject section */
		5847E2621E9E9F8D00DC770F /* Project object */ = {
			isa = PBXProject;
			attributes = {
				LastUpgradeCheck = 0820;
				ORGANIZATIONNAME = "Spencer Pollock";
				TargetAttributes = {
					5847E2691E9E9F8D00DC770F = {
						CreatedOnToolsVersion = 8.2.1;
						ProvisioningStyle = Automatic;
					};
				};
			};
			buildConfigurationList = 5847E2651E9E9F8D00DC770F /* Build configuration list for PBXProject "FinalProjectBulletPhysics" */;
			compatibilityVersion = "Xcode 3.2";
			developmentRegion = English;
			hasScannedForEncodings = 0;
			knownRegions = (
				en,
				Base,
			);
			mainGroup = 5847E2611E9E9F8D00DC770F;
			productRefGroup = 5847E26B1E9E9F8D00DC770F /* Products */;
			projectDirPath = "";
			projectRoot = "";
			targets = (
				5847E2691E9E9F8D00DC770F /* FinalProjectBulletPhysics */,
			);
		};
/* End PBXProject section */

/* Begin PBXResourcesBuildPhase section */
		5847E2681E9E9F8D00DC770F /* Resources */ = {
			isa = PBXResourcesBuildPhase;
			buildActionMask = 2147483647;
			files = (
				5847E27C1E9E9F8D00DC770F /* Main.storyboard in Resources */,
				5847E2761E9E9F8D00DC770F /* Shader.vsh in Resources */,
				5847E27E1E9E9F8D00DC770F /* Assets.xcassets in Resources */,
				5847E2891E9EA17100DC770F /* crate.jpg in Resources */,
				5847E2811E9E9F8D00DC770F /* LaunchScreen.storyboard in Resources */,
				5847E2741E9E9F8D00DC770F /* Shader.fsh in Resources */,
			);
			runOnlyForDeploymentPostprocessing = 0;
		};
/* End PBXResourcesBuildPhase section */

/* Begin PBXSourcesBuildPhase section */
		5847E2661E9E9F8D00DC770F /* Sources */ = {
			isa = PBXSourcesBuildPhase;
			buildActionMask = 2147483647;
			files = (
				5847E2721E9E9F8D00DC770F /* AppDelegate.m in Sources */,
				5847E2791E9E9F8D00DC770F /* GameViewController.m in Sources */,
				5847E26F1E9E9F8D00DC770F /* main.m in Sources */,
			);
			runOnlyForDeploymentPostprocessing = 0;
		};
/* End PBXSourcesBuildPhase section */

/* Begin PBXVariantGroup section */
		5847E27A1E9E9F8D00DC770F /* Main.storyboard */ = {
			isa = PBXVariantGroup;
			children = (
				5847E27B1E9E9F8D00DC770F /* Base */,
			);
			name = Main.storyboard;
			sourceTree = "<group>";
		};
		5847E27F1E9E9F8D00DC770F /* LaunchScreen.storyboard */ = {
			isa = PBXVariantGroup;
			children = (
				5847E2801E9E9F8D00DC770F /* Base */,
			);
			name = LaunchScreen.storyboard;
			sourceTree = "<group>";
		};
/* End PBXVariantGroup section */

/* Begin XCBuildConfiguration section */
		5847E2831E9E9F8D00DC770F /* Debug */ = {
			isa = XCBuildConfiguration;
			buildSettings = {
				ALWAYS_SEARCH_USER_PATHS = NO;
				CLANG_ANALYZER_NONNULL = YES;
				CLANG_CXX_LANGUAGE_STANDARD = "gnu++0x";
				CLANG_CXX_LIBRARY = "libc++";
				CLANG_ENABLE_MODULES = YES;
				CLANG_ENABLE_OBJC_ARC = YES;
				CLANG_WARN_BOOL_CONVERSION = YES;
				CLANG_WARN_CONSTANT_CONVERSION = YES;
				CLANG_WARN_DIRECT_OBJC_ISA_USAGE = YES_ERROR;
				CLANG_WARN_DOCUMENTATION_COMMENTS = YES;
				CLANG_WARN_EMPTY_BODY = YES;
				CLANG_WARN_ENUM_CONVERSION = YES;
				CLANG_WARN_INFINITE_RECURSION = YES;
				CLANG_WARN_INT_CONVERSION = YES;
				CLANG_WARN_OBJC_ROOT_CLASS = YES_ERROR;
				CLANG_WARN_SUSPICIOUS_MOVE = YES;
				CLANG_WARN_UNREACHABLE_CODE = YES;
				CLANG_WARN__DUPLICATE_METHOD_MATCH = YES;
				"CODE_SIGN_IDENTITY[sdk=iphoneos*]" = "iPhone Developer";
				COPY_PHASE_STRIP = NO;
				DEBUG_INFORMATION_FORMAT = dwarf;
				ENABLE_STRICT_OBJC_MSGSEND = YES;
				ENABLE_TESTABILITY = YES;
				GCC_C_LANGUAGE_STANDARD = gnu99;
				GCC_DYNAMIC_NO_PIC = NO;
				GCC_NO_COMMON_BLOCKS = YES;
				GCC_OPTIMIZATION_LEVEL = 0;
				GCC_PREPROCESSOR_DEFINITIONS = (
					"DEBUG=1",
					"$(inherited)",
				);
				GCC_WARN_64_TO_32_BIT_CONVERSION = YES;
				GCC_WARN_ABOUT_RETURN_TYPE = YES_ERROR;
				GCC_WARN_UNDECLARED_SELECTOR = YES;
				GCC_WARN_UNINITIALIZED_AUTOS = YES_AGGRESSIVE;
				GCC_WARN_UNUSED_FUNCTION = YES;
				GCC_WARN_UNUSED_VARIABLE = YES;
				IPHONEOS_DEPLOYMENT_TARGET = 10.2;
				MTL_ENABLE_DEBUG_INFO = YES;
				ONLY_ACTIVE_ARCH = YES;
				SDKROOT = iphoneos;
				TARGETED_DEVICE_FAMILY = "1,2";
			};
			name = Debug;
		};
		5847E2841E9E9F8D00DC770F /* Release */ = {
			isa = XCBuildConfiguration;
			buildSettings = {
				ALWAYS_SEARCH_USER_PATHS = NO;
				CLANG_ANALYZER_NONNULL = YES;
				CLANG_CXX_LANGUAGE_STANDARD = "gnu++0x";
				CLANG_CXX_LIBRARY = "libc++";
				CLANG_ENABLE_MODULES = YES;
				CLANG_ENABLE_OBJC_ARC = YES;
				CLANG_WARN_BOOL_CONVERSION = YES;
				CLANG_WARN_CONSTANT_CONVERSION = YES;
				CLANG_WARN_DIRECT_OBJC_ISA_USAGE = YES_ERROR;
				CLANG_WARN_DOCUMENTATION_COMMENTS = YES;
				CLANG_WARN_EMPTY_BODY = YES;
				CLANG_WARN_ENUM_CONVERSION = YES;
				CLANG_WARN_INFINITE_RECURSION = YES;
				CLANG_WARN_INT_CONVERSION = YES;
				CLANG_WARN_OBJC_ROOT_CLASS = YES_ERROR;
				CLANG_WARN_SUSPICIOUS_MOVE = YES;
				CLANG_WARN_UNREACHABLE_CODE = YES;
				CLANG_WARN__DUPLICATE_METHOD_MATCH = YES;
				"CODE_SIGN_IDENTITY[sdk=iphoneos*]" = "iPhone Developer";
				COPY_PHASE_STRIP = NO;
				DEBUG_INFORMATION_FORMAT = "dwarf-with-dsym";
				ENABLE_NS_ASSERTIONS = NO;
				ENABLE_STRICT_OBJC_MSGSEND = YES;
				GCC_C_LANGUAGE_STANDARD = gnu99;
				GCC_NO_COMMON_BLOCKS = YES;
				GCC_WARN_64_TO_32_BIT_CONVERSION = YES;
				GCC_WARN_ABOUT_RETURN_TYPE = YES_ERROR;
				GCC_WARN_UNDECLARED_SELECTOR = YES;
				GCC_WARN_UNINITIALIZED_AUTOS = YES_AGGRESSIVE;
				GCC_WARN_UNUSED_FUNCTION = YES;
				GCC_WARN_UNUSED_VARIABLE = YES;
				IPHONEOS_DEPLOYMENT_TARGET = 10.2;
				MTL_ENABLE_DEBUG_INFO = NO;
				SDKROOT = iphoneos;
				TARGETED_DEVICE_FAMILY = "1,2";
				VALIDATE_PRODUCT = YES;
			};
			name = Release;
		};
		5847E2861E9E9F8D00DC770F /* Debug */ = {
			isa = XCBuildConfiguration;
			buildSettings = {
				ASSETCATALOG_COMPILER_APPICON_NAME = AppIcon;
				INFOPLIST_FILE = FinalProjectBulletPhysics/Info.plist;
				LD_RUNPATH_SEARCH_PATHS = "$(inherited) @executable_path/Frameworks";
				PRODUCT_BUNDLE_IDENTIFIER = ca.spollock.FinalProjectBulletPhysics;
				PRODUCT_NAME = "$(TARGET_NAME)";
			};
			name = Debug;
		};
		5847E2871E9E9F8D00DC770F /* Release */ = {
			isa = XCBuildConfiguration;
			buildSettings = {
				ASSETCATALOG_COMPILER_APPICON_NAME = AppIcon;
				INFOPLIST_FILE = FinalProjectBulletPhysics/Info.plist;
				LD_RUNPATH_SEARCH_PATHS = "$(inherited) @executable_path/Frameworks";
				PRODUCT_BUNDLE_IDENTIFIER = ca.spollock.FinalProjectBulletPhysics;
				PRODUCT_NAME = "$(TARGET_NAME)";
			};
			name = Release;
		};
/* End XCBuildConfiguration section */

/* Begin XCConfigurationList section */
		5847E2651E9E9F8D00DC770F /* Build configuration list for PBXProject "FinalProjectBulletPhysics" */ = {
			isa = XCConfigurationList;
			buildConfigurations = (
				5847E2831E9E9F8D00DC770F /* Debug */,
				5847E2841E9E9F8D00DC770F /* Release */,
			);
			defaultConfigurationIsVisible = 0;
			defaultConfigurationName = Release;
		};
		5847E2851E9E9F8D00DC770F /* Build configuration list for PBXNativeTarget "FinalProjectBulletPhysics" */ = {
			isa = XCConfigurationList;
			buildConfigurations = (
				5847E2861E9E9F8D00DC770F /* Debug */,
				5847E2871E9E9F8D00DC770F /* Release */,
			);
			defaultConfigurationIsVisible = 0;
		};
/* End XCConfigurationList section */
	};
	rootObject = 5847E2621E9E9F8D00DC770F /* Project object */;
}
